// !$*UTF8*$!
{
	archiveVersion = 1;
	classes = {
	};
	objectVersion = 46;
	objects = {

/* Begin PBXBuildFile section */
		A50EB7D01EA9423200329A5E /* Beacon.swift in Sources */ = {isa = PBXBuildFile; fileRef = A50EB7CF1EA9423200329A5E /* Beacon.swift */; };
		A50EB7D11EA9427A00329A5E /* Beacon.swift in Sources */ = {isa = PBXBuildFile; fileRef = A50EB7CF1EA9423200329A5E /* Beacon.swift */; };
		A51E42BD1ED4707700CB4749 /* Location.swift in Sources */ = {isa = PBXBuildFile; fileRef = A54634BE1EB2A00100CAA791 /* Location.swift */; };
		A51E42BE1ED4707800CB4749 /* Location.swift in Sources */ = {isa = PBXBuildFile; fileRef = A54634BE1EB2A00100CAA791 /* Location.swift */; };
		A51E42BF1ED4707F00CB4749 /* BeaconStore.swift in Sources */ = {isa = PBXBuildFile; fileRef = A5FC030E1EA92EA3005F22C7 /* BeaconStore.swift */; };
		A51E42C01ED4707F00CB4749 /* BeaconStore.swift in Sources */ = {isa = PBXBuildFile; fileRef = A5FC030E1EA92EA3005F22C7 /* BeaconStore.swift */; };
		A543A9C41EF1BC3B001E6C7D /* QueueControllerDelegate.swift in Sources */ = {isa = PBXBuildFile; fileRef = A543A9C31EF1BC3B001E6C7D /* QueueControllerDelegate.swift */; };
		A543A9C51EF1BC3B001E6C7D /* QueueControllerDelegate.swift in Sources */ = {isa = PBXBuildFile; fileRef = A543A9C31EF1BC3B001E6C7D /* QueueControllerDelegate.swift */; };
		A543A9C71EF1C528001E6C7D /* QueueControllerDelegateSpy.swift in Sources */ = {isa = PBXBuildFile; fileRef = A543A9C61EF1C528001E6C7D /* QueueControllerDelegateSpy.swift */; };
		A543A9C81EF1C528001E6C7D /* QueueControllerDelegateSpy.swift in Sources */ = {isa = PBXBuildFile; fileRef = A543A9C61EF1C528001E6C7D /* QueueControllerDelegateSpy.swift */; };
		A543A9CB1EF2F1C3001E6C7D /* mobileFrameworkURLProtocol.swift in Sources */ = {isa = PBXBuildFile; fileRef = A543A9CA1EF2F1C3001E6C7D /* mobileFrameworkURLProtocol.swift */; };
		A543A9CC1EF2F1C3001E6C7D /* mobileFrameworkURLProtocol.swift in Sources */ = {isa = PBXBuildFile; fileRef = A543A9CA1EF2F1C3001E6C7D /* mobileFrameworkURLProtocol.swift */; };
		A54634B71EB283DE00CAA791 /* BeaconTests.swift in Sources */ = {isa = PBXBuildFile; fileRef = A54634B61EB283DE00CAA791 /* BeaconTests.swift */; };
		A54634BC1EB29FF800CAA791 /* LocationStore.swift in Sources */ = {isa = PBXBuildFile; fileRef = A54634BB1EB29FF800CAA791 /* LocationStore.swift */; };
		A54634BD1EB29FF800CAA791 /* LocationStore.swift in Sources */ = {isa = PBXBuildFile; fileRef = A54634BB1EB29FF800CAA791 /* LocationStore.swift */; };
		A54634C21EB2A41F00CAA791 /* LocationStoreTests.swift in Sources */ = {isa = PBXBuildFile; fileRef = A54634C11EB2A41F00CAA791 /* LocationStoreTests.swift */; };
		A551C1F51EC25E0D0082CEB6 /* sampleUnits.geojson in Resources */ = {isa = PBXBuildFile; fileRef = A551C1F41EC25E0D0082CEB6 /* sampleUnits.geojson */; };
		A5624F2F1EC60BCE00EF20EF /* GeoJSONAsset.swift in Sources */ = {isa = PBXBuildFile; fileRef = A5624F2E1EC60BCE00EF20EF /* GeoJSONAsset.swift */; };
		A5624F301EC60BCE00EF20EF /* GeoJSONAsset.swift in Sources */ = {isa = PBXBuildFile; fileRef = A5624F2E1EC60BCE00EF20EF /* GeoJSONAsset.swift */; };
		A5624F311EC6104400EF20EF /* sampleUnits.geojson in Resources */ = {isa = PBXBuildFile; fileRef = A551C1F41EC25E0D0082CEB6 /* sampleUnits.geojson */; };
		A5624F331EC6109500EF20EF /* GeoJSONAssetTests.swift in Sources */ = {isa = PBXBuildFile; fileRef = A5624F321EC6109500EF20EF /* GeoJSONAssetTests.swift */; };
		A56CEC8E1F7C1E45006C5217 /* Reachability.swift in Sources */ = {isa = PBXBuildFile; fileRef = A5BF8CD01F0D7D2C00AEE4E4 /* Reachability.swift */; };
		A5AC56D91ECB496C006420D8 /* CacheService.swift in Sources */ = {isa = PBXBuildFile; fileRef = A5AC56D81ECB496C006420D8 /* CacheService.swift */; };
		A5AC56DA1ECB496C006420D8 /* CacheService.swift in Sources */ = {isa = PBXBuildFile; fileRef = A5AC56D81ECB496C006420D8 /* CacheService.swift */; };
		A5AC56DD1ECB498F006420D8 /* CacheServiceTests.swift in Sources */ = {isa = PBXBuildFile; fileRef = A5AC56DC1ECB498F006420D8 /* CacheServiceTests.swift */; };
		A5AC56DF1ECB941E006420D8 /* QueueController.swift in Sources */ = {isa = PBXBuildFile; fileRef = A5AC56DE1ECB941E006420D8 /* QueueController.swift */; };
		A5AC56E01ECB941E006420D8 /* QueueController.swift in Sources */ = {isa = PBXBuildFile; fileRef = A5AC56DE1ECB941E006420D8 /* QueueController.swift */; };
		A5AC56E21ECB950C006420D8 /* QueueControllerTests.swift in Sources */ = {isa = PBXBuildFile; fileRef = A5AC56E11ECB950C006420D8 /* QueueControllerTests.swift */; };
		A5AC56E51ECB9AE5006420D8 /* mobileFramework.xcdatamodeld in Sources */ = {isa = PBXBuildFile; fileRef = A5AC56E31ECB9AE5006420D8 /* mobileFramework.xcdatamodeld */; };
		A5AC56E61ECB9AE5006420D8 /* mobileFramework.xcdatamodeld in Sources */ = {isa = PBXBuildFile; fileRef = A5AC56E31ECB9AE5006420D8 /* mobileFramework.xcdatamodeld */; };
		A5BF8CC61F0D6C3100AEE4E4 /* BackendServiceTests.swift in Sources */ = {isa = PBXBuildFile; fileRef = A5BF8CC51F0D6C3100AEE4E4 /* BackendServiceTests.swift */; };
		A5BF8CC81F0D6C6200AEE4E4 /* BackendService.swift in Sources */ = {isa = PBXBuildFile; fileRef = A5BF8CC71F0D6C6200AEE4E4 /* BackendService.swift */; };
		A5BF8CCA1F0D6D9A00AEE4E4 /* BackendService.swift in Sources */ = {isa = PBXBuildFile; fileRef = A5BF8CC71F0D6C6200AEE4E4 /* BackendService.swift */; };
		A5BF8CCC1F0D6E2B00AEE4E4 /* BackendServiceSpy.swift in Sources */ = {isa = PBXBuildFile; fileRef = A5BF8CCB1F0D6E2B00AEE4E4 /* BackendServiceSpy.swift */; };
		A5BF8CCF1F0D70AF00AEE4E4 /* UserNotifications.framework in Frameworks */ = {isa = PBXBuildFile; fileRef = A5BF8CCE1F0D70AF00AEE4E4 /* UserNotifications.framework */; };
		A5BF8CD11F0D7D2C00AEE4E4 /* Reachability.swift in Sources */ = {isa = PBXBuildFile; fileRef = A5BF8CD01F0D7D2C00AEE4E4 /* Reachability.swift */; };
		A5D01E171EF440AD0039E9FF /* README.md in Resources */ = {isa = PBXBuildFile; fileRef = A5D01E161EF440AD0039E9FF /* README.md */; };
		A5E4A2371EB8C914001BF1C6 /* BeaconAsset.swift in Sources */ = {isa = PBXBuildFile; fileRef = A5E4A2361EB8C914001BF1C6 /* BeaconAsset.swift */; };
		A5E4A2381EB8C914001BF1C6 /* BeaconAsset.swift in Sources */ = {isa = PBXBuildFile; fileRef = A5E4A2361EB8C914001BF1C6 /* BeaconAsset.swift */; };
		A5E4A23A1EB8C91D001BF1C6 /* FeatureStore.swift in Sources */ = {isa = PBXBuildFile; fileRef = A5E4A2391EB8C91D001BF1C6 /* FeatureStore.swift */; };
		A5E4A23B1EB8C91D001BF1C6 /* FeatureStore.swift in Sources */ = {isa = PBXBuildFile; fileRef = A5E4A2391EB8C91D001BF1C6 /* FeatureStore.swift */; };
		A5E4A23D1EB8C92E001BF1C6 /* FeatureStoreTests.swift in Sources */ = {isa = PBXBuildFile; fileRef = A5E4A23C1EB8C92E001BF1C6 /* FeatureStoreTests.swift */; };
		A5E4A23F1EB8C938001BF1C6 /* BeaconAssetTests.swift in Sources */ = {isa = PBXBuildFile; fileRef = A5E4A23E1EB8C938001BF1C6 /* BeaconAssetTests.swift */; };
		A5E4A2411EB8D1B1001BF1C6 /* JSONDecodable.swift in Sources */ = {isa = PBXBuildFile; fileRef = A5E4A2401EB8D1B1001BF1C6 /* JSONDecodable.swift */; };
		A5E4A2421EB8D1B1001BF1C6 /* JSONDecodable.swift in Sources */ = {isa = PBXBuildFile; fileRef = A5E4A2401EB8D1B1001BF1C6 /* JSONDecodable.swift */; };
		A5E4A2451EB8D8CD001BF1C6 /* sampleBeacons.json in Resources */ = {isa = PBXBuildFile; fileRef = A5E4A2441EB8D8CD001BF1C6 /* sampleBeacons.json */; };
		A5E4A2461EB8D8CD001BF1C6 /* sampleBeacons.json in Resources */ = {isa = PBXBuildFile; fileRef = A5E4A2441EB8D8CD001BF1C6 /* sampleBeacons.json */; };
		A5E4A2481EB8F00C001BF1C6 /* sampleLocations.json in Resources */ = {isa = PBXBuildFile; fileRef = A5E4A2471EB8F00C001BF1C6 /* sampleLocations.json */; };
		A5E4A2491EB8F00C001BF1C6 /* sampleLocations.json in Resources */ = {isa = PBXBuildFile; fileRef = A5E4A2471EB8F00C001BF1C6 /* sampleLocations.json */; };
		A5E4A24B1EB8F02A001BF1C6 /* LocationAsset.swift in Sources */ = {isa = PBXBuildFile; fileRef = A5E4A24A1EB8F02A001BF1C6 /* LocationAsset.swift */; };
		A5E4A24C1EB8F02A001BF1C6 /* LocationAsset.swift in Sources */ = {isa = PBXBuildFile; fileRef = A5E4A24A1EB8F02A001BF1C6 /* LocationAsset.swift */; };
		A5E4A24E1EB8F365001BF1C6 /* LocationAssetTests.swift in Sources */ = {isa = PBXBuildFile; fileRef = A5E4A24D1EB8F365001BF1C6 /* LocationAssetTests.swift */; };
		A5E4A2521EB8FC46001BF1C6 /* EdgeAsset.swift in Sources */ = {isa = PBXBuildFile; fileRef = A5E4A2511EB8FC46001BF1C6 /* EdgeAsset.swift */; };
		A5E4A2531EB8FC46001BF1C6 /* EdgeAsset.swift in Sources */ = {isa = PBXBuildFile; fileRef = A5E4A2511EB8FC46001BF1C6 /* EdgeAsset.swift */; };
		A5E4A2551EB8FC9C001BF1C6 /* Edge.swift in Sources */ = {isa = PBXBuildFile; fileRef = A5E4A2541EB8FC9C001BF1C6 /* Edge.swift */; };
		A5E4A2561EB8FC9C001BF1C6 /* Edge.swift in Sources */ = {isa = PBXBuildFile; fileRef = A5E4A2541EB8FC9C001BF1C6 /* Edge.swift */; };
		A5E4A2581EB8FF32001BF1C6 /* sampleEdges.json in Resources */ = {isa = PBXBuildFile; fileRef = A5E4A2571EB8FF32001BF1C6 /* sampleEdges.json */; };
		A5E4A2591EB8FF32001BF1C6 /* sampleEdges.json in Resources */ = {isa = PBXBuildFile; fileRef = A5E4A2571EB8FF32001BF1C6 /* sampleEdges.json */; };
		A5E4A25B1EB90127001BF1C6 /* EdgeAssetTests.swift in Sources */ = {isa = PBXBuildFile; fileRef = A5E4A25A1EB90127001BF1C6 /* EdgeAssetTests.swift */; };
		A5E4A25D1EB92420001BF1C6 /* EdgeTests.swift in Sources */ = {isa = PBXBuildFile; fileRef = A5E4A25C1EB92420001BF1C6 /* EdgeTests.swift */; };
		A5E4A25F1EB928CC001BF1C6 /* GalleryLocationManagerDelegateSpy.swift in Sources */ = {isa = PBXBuildFile; fileRef = A5E4A25E1EB928CC001BF1C6 /* GalleryLocationManagerDelegateSpy.swift */; };
		A5E4A2601EB928CC001BF1C6 /* GalleryLocationManagerDelegateSpy.swift in Sources */ = {isa = PBXBuildFile; fileRef = A5E4A25E1EB928CC001BF1C6 /* GalleryLocationManagerDelegateSpy.swift */; };
		A5E4A2611EB93393001BF1C6 /* GalleryLocationManagerDelegate.swift in Sources */ = {isa = PBXBuildFile; fileRef = A5FC030C1EA92AB1005F22C7 /* GalleryLocationManagerDelegate.swift */; };
		A5F2028A1F019B9400EFD1BF /* CLLocationMock.swift in Sources */ = {isa = PBXBuildFile; fileRef = A5F202891F019B9400EFD1BF /* CLLocationMock.swift */; };
		A5F2028C1F019CC300EFD1BF /* CLFloorMock.swift in Sources */ = {isa = PBXBuildFile; fileRef = A5F2028B1F019CC300EFD1BF /* CLFloorMock.swift */; };
		A5F2E20D1ED7378000C1A3C2 /* FeatureStoreMock.swift in Sources */ = {isa = PBXBuildFile; fileRef = A5F2E20C1ED7378000C1A3C2 /* FeatureStoreMock.swift */; };
		A5FC03011EA8F373005F22C7 /* CLLocationManagerSpy.swift in Sources */ = {isa = PBXBuildFile; fileRef = A5FC03001EA8F373005F22C7 /* CLLocationManagerSpy.swift */; };
		A5FC03031EA8FB43005F22C7 /* GalleryLocationManagerSpy.swift in Sources */ = {isa = PBXBuildFile; fileRef = A5FC03021EA8FB43005F22C7 /* GalleryLocationManagerSpy.swift */; };
		A5FC03051EA9232F005F22C7 /* Constants.swift in Sources */ = {isa = PBXBuildFile; fileRef = A5FC03041EA9232F005F22C7 /* Constants.swift */; };
		A5FC03061EA9232F005F22C7 /* Constants.swift in Sources */ = {isa = PBXBuildFile; fileRef = A5FC03041EA9232F005F22C7 /* Constants.swift */; };
		A5FC030D1EA92AB1005F22C7 /* GalleryLocationManagerDelegate.swift in Sources */ = {isa = PBXBuildFile; fileRef = A5FC030C1EA92AB1005F22C7 /* GalleryLocationManagerDelegate.swift */; };
		A5FC03141EA92F10005F22C7 /* BeaconStoreTests.swift in Sources */ = {isa = PBXBuildFile; fileRef = A5FC03131EA92F10005F22C7 /* BeaconStoreTests.swift */; };
		A5FC1C971EA7F96F00669C89 /* mobileFramework.framework in Frameworks */ = {isa = PBXBuildFile; fileRef = A5FC1C8D1EA7F96F00669C89 /* mobileFramework.framework */; };
		A5FC1C9E1EA7F96F00669C89 /* mobileFramework.h in Headers */ = {isa = PBXBuildFile; fileRef = A5FC1C901EA7F96F00669C89 /* mobileFramework.h */; settings = {ATTRIBUTES = (Public, ); }; };
		A5FC1CA81EA7F99900669C89 /* GalleryLocationManagerTests.swift in Sources */ = {isa = PBXBuildFile; fileRef = A5FC1CA71EA7F99900669C89 /* GalleryLocationManagerTests.swift */; };
		A5FC1CAA1EA7FBBD00669C89 /* GalleryLocationManager.swift in Sources */ = {isa = PBXBuildFile; fileRef = A5FC1CA91EA7FBBD00669C89 /* GalleryLocationManager.swift */; };
		A5FC1CAB1EA7FBBD00669C89 /* GalleryLocationManager.swift in Sources */ = {isa = PBXBuildFile; fileRef = A5FC1CA91EA7FBBD00669C89 /* GalleryLocationManager.swift */; };
/* End PBXBuildFile section */

/* Begin PBXContainerItemProxy section */
		A5FC1C981EA7F96F00669C89 /* PBXContainerItemProxy */ = {
			isa = PBXContainerItemProxy;
			containerPortal = A5FC1C841EA7F96F00669C89 /* Project object */;
			proxyType = 1;
			remoteGlobalIDString = A5FC1C8C1EA7F96F00669C89;
			remoteInfo = mobileFramework;
		};
/* End PBXContainerItemProxy section */

/* Begin PBXFileReference section */
		A50EB7CF1EA9423200329A5E /* Beacon.swift */ = {isa = PBXFileReference; fileEncoding = 4; lastKnownFileType = sourcecode.swift; path = Beacon.swift; sourceTree = "<group>"; };
		A543A9C31EF1BC3B001E6C7D /* QueueControllerDelegate.swift */ = {isa = PBXFileReference; fileEncoding = 4; lastKnownFileType = sourcecode.swift; path = QueueControllerDelegate.swift; sourceTree = "<group>"; };
		A543A9C61EF1C528001E6C7D /* QueueControllerDelegateSpy.swift */ = {isa = PBXFileReference; fileEncoding = 4; lastKnownFileType = sourcecode.swift; path = QueueControllerDelegateSpy.swift; sourceTree = "<group>"; };
		A543A9CA1EF2F1C3001E6C7D /* mobileFrameworkURLProtocol.swift */ = {isa = PBXFileReference; fileEncoding = 4; lastKnownFileType = sourcecode.swift; path = mobileFrameworkURLProtocol.swift; sourceTree = "<group>"; };
		A54634B61EB283DE00CAA791 /* BeaconTests.swift */ = {isa = PBXFileReference; fileEncoding = 4; lastKnownFileType = sourcecode.swift; path = BeaconTests.swift; sourceTree = "<group>"; };
		A54634BB1EB29FF800CAA791 /* LocationStore.swift */ = {isa = PBXFileReference; fileEncoding = 4; lastKnownFileType = sourcecode.swift; path = LocationStore.swift; sourceTree = "<group>"; };
		A54634BE1EB2A00100CAA791 /* Location.swift */ = {isa = PBXFileReference; fileEncoding = 4; lastKnownFileType = sourcecode.swift; path = Location.swift; sourceTree = "<group>"; };
		A54634C11EB2A41F00CAA791 /* LocationStoreTests.swift */ = {isa = PBXFileReference; fileEncoding = 4; lastKnownFileType = sourcecode.swift; path = LocationStoreTests.swift; sourceTree = "<group>"; };
		A551C1F41EC25E0D0082CEB6 /* sampleUnits.geojson */ = {isa = PBXFileReference; fileEncoding = 4; lastKnownFileType = text; name = sampleUnits.geojson; path = SampleData/sampleUnits.geojson; sourceTree = "<group>"; };
		A5624F2E1EC60BCE00EF20EF /* GeoJSONAsset.swift */ = {isa = PBXFileReference; fileEncoding = 4; lastKnownFileType = sourcecode.swift; path = GeoJSONAsset.swift; sourceTree = "<group>"; };
		A5624F321EC6109500EF20EF /* GeoJSONAssetTests.swift */ = {isa = PBXFileReference; fileEncoding = 4; lastKnownFileType = sourcecode.swift; path = GeoJSONAssetTests.swift; sourceTree = "<group>"; };
		A5AC56D81ECB496C006420D8 /* CacheService.swift */ = {isa = PBXFileReference; fileEncoding = 4; lastKnownFileType = sourcecode.swift; path = CacheService.swift; sourceTree = "<group>"; };
		A5AC56DC1ECB498F006420D8 /* CacheServiceTests.swift */ = {isa = PBXFileReference; fileEncoding = 4; lastKnownFileType = sourcecode.swift; path = CacheServiceTests.swift; sourceTree = "<group>"; };
		A5AC56DE1ECB941E006420D8 /* QueueController.swift */ = {isa = PBXFileReference; fileEncoding = 4; lastKnownFileType = sourcecode.swift; path = QueueController.swift; sourceTree = "<group>"; };
		A5AC56E11ECB950C006420D8 /* QueueControllerTests.swift */ = {isa = PBXFileReference; fileEncoding = 4; lastKnownFileType = sourcecode.swift; path = QueueControllerTests.swift; sourceTree = "<group>"; };
		A5AC56E41ECB9AE5006420D8 /* mobileFramework.xcdatamodel */ = {isa = PBXFileReference; lastKnownFileType = wrapper.xcdatamodel; path = mobileFramework.xcdatamodel; sourceTree = "<group>"; };
		A5BF8CC51F0D6C3100AEE4E4 /* BackendServiceTests.swift */ = {isa = PBXFileReference; fileEncoding = 4; lastKnownFileType = sourcecode.swift; path = BackendServiceTests.swift; sourceTree = "<group>"; };
		A5BF8CC71F0D6C6200AEE4E4 /* BackendService.swift */ = {isa = PBXFileReference; fileEncoding = 4; lastKnownFileType = sourcecode.swift; path = BackendService.swift; sourceTree = "<group>"; };
		A5BF8CCB1F0D6E2B00AEE4E4 /* BackendServiceSpy.swift */ = {isa = PBXFileReference; fileEncoding = 4; lastKnownFileType = sourcecode.swift; path = BackendServiceSpy.swift; sourceTree = "<group>"; };
		A5BF8CCE1F0D70AF00AEE4E4 /* UserNotifications.framework */ = {isa = PBXFileReference; lastKnownFileType = wrapper.framework; name = UserNotifications.framework; path = System/Library/Frameworks/UserNotifications.framework; sourceTree = SDKROOT; };
		A5BF8CD01F0D7D2C00AEE4E4 /* Reachability.swift */ = {isa = PBXFileReference; fileEncoding = 4; lastKnownFileType = sourcecode.swift; path = Reachability.swift; sourceTree = "<group>"; };
		A5D01E161EF440AD0039E9FF /* README.md */ = {isa = PBXFileReference; fileEncoding = 4; lastKnownFileType = net.daringfireball.markdown; path = README.md; sourceTree = "<group>"; };
		A5E4A2361EB8C914001BF1C6 /* BeaconAsset.swift */ = {isa = PBXFileReference; fileEncoding = 4; lastKnownFileType = sourcecode.swift; path = BeaconAsset.swift; sourceTree = "<group>"; };
		A5E4A2391EB8C91D001BF1C6 /* FeatureStore.swift */ = {isa = PBXFileReference; fileEncoding = 4; lastKnownFileType = sourcecode.swift; path = FeatureStore.swift; sourceTree = "<group>"; };
		A5E4A23C1EB8C92E001BF1C6 /* FeatureStoreTests.swift */ = {isa = PBXFileReference; fileEncoding = 4; lastKnownFileType = sourcecode.swift; path = FeatureStoreTests.swift; sourceTree = "<group>"; };
		A5E4A23E1EB8C938001BF1C6 /* BeaconAssetTests.swift */ = {isa = PBXFileReference; fileEncoding = 4; lastKnownFileType = sourcecode.swift; path = BeaconAssetTests.swift; sourceTree = "<group>"; };
		A5E4A2401EB8D1B1001BF1C6 /* JSONDecodable.swift */ = {isa = PBXFileReference; fileEncoding = 4; lastKnownFileType = sourcecode.swift; path = JSONDecodable.swift; sourceTree = "<group>"; };
		A5E4A2441EB8D8CD001BF1C6 /* sampleBeacons.json */ = {isa = PBXFileReference; fileEncoding = 4; lastKnownFileType = text.json; name = sampleBeacons.json; path = SampleData/sampleBeacons.json; sourceTree = "<group>"; };
		A5E4A2471EB8F00C001BF1C6 /* sampleLocations.json */ = {isa = PBXFileReference; fileEncoding = 4; lastKnownFileType = text.json; path = sampleLocations.json; sourceTree = "<group>"; };
		A5E4A24A1EB8F02A001BF1C6 /* LocationAsset.swift */ = {isa = PBXFileReference; fileEncoding = 4; lastKnownFileType = sourcecode.swift; path = LocationAsset.swift; sourceTree = "<group>"; };
		A5E4A24D1EB8F365001BF1C6 /* LocationAssetTests.swift */ = {isa = PBXFileReference; fileEncoding = 4; lastKnownFileType = sourcecode.swift; path = LocationAssetTests.swift; sourceTree = "<group>"; };
		A5E4A2511EB8FC46001BF1C6 /* EdgeAsset.swift */ = {isa = PBXFileReference; fileEncoding = 4; lastKnownFileType = sourcecode.swift; path = EdgeAsset.swift; sourceTree = "<group>"; };
		A5E4A2541EB8FC9C001BF1C6 /* Edge.swift */ = {isa = PBXFileReference; fileEncoding = 4; lastKnownFileType = sourcecode.swift; path = Edge.swift; sourceTree = "<group>"; };
		A5E4A2571EB8FF32001BF1C6 /* sampleEdges.json */ = {isa = PBXFileReference; fileEncoding = 4; lastKnownFileType = text.json; name = sampleEdges.json; path = SampleData/sampleEdges.json; sourceTree = "<group>"; };
		A5E4A25A1EB90127001BF1C6 /* EdgeAssetTests.swift */ = {isa = PBXFileReference; fileEncoding = 4; lastKnownFileType = sourcecode.swift; path = EdgeAssetTests.swift; sourceTree = "<group>"; };
		A5E4A25C1EB92420001BF1C6 /* EdgeTests.swift */ = {isa = PBXFileReference; fileEncoding = 4; lastKnownFileType = sourcecode.swift; path = EdgeTests.swift; sourceTree = "<group>"; };
		A5E4A25E1EB928CC001BF1C6 /* GalleryLocationManagerDelegateSpy.swift */ = {isa = PBXFileReference; fileEncoding = 4; lastKnownFileType = sourcecode.swift; path = GalleryLocationManagerDelegateSpy.swift; sourceTree = "<group>"; };
		A5F202891F019B9400EFD1BF /* CLLocationMock.swift */ = {isa = PBXFileReference; fileEncoding = 4; lastKnownFileType = sourcecode.swift; path = CLLocationMock.swift; sourceTree = "<group>"; };
		A5F2028B1F019CC300EFD1BF /* CLFloorMock.swift */ = {isa = PBXFileReference; fileEncoding = 4; lastKnownFileType = sourcecode.swift; path = CLFloorMock.swift; sourceTree = "<group>"; };
		A5F2E20C1ED7378000C1A3C2 /* FeatureStoreMock.swift */ = {isa = PBXFileReference; fileEncoding = 4; lastKnownFileType = sourcecode.swift; path = FeatureStoreMock.swift; sourceTree = "<group>"; };
		A5FC03001EA8F373005F22C7 /* CLLocationManagerSpy.swift */ = {isa = PBXFileReference; fileEncoding = 4; lastKnownFileType = sourcecode.swift; path = CLLocationManagerSpy.swift; sourceTree = "<group>"; };
		A5FC03021EA8FB43005F22C7 /* GalleryLocationManagerSpy.swift */ = {isa = PBXFileReference; fileEncoding = 4; lastKnownFileType = sourcecode.swift; path = GalleryLocationManagerSpy.swift; sourceTree = "<group>"; };
		A5FC03041EA9232F005F22C7 /* Constants.swift */ = {isa = PBXFileReference; fileEncoding = 4; lastKnownFileType = sourcecode.swift; path = Constants.swift; sourceTree = "<group>"; };
		A5FC030C1EA92AB1005F22C7 /* GalleryLocationManagerDelegate.swift */ = {isa = PBXFileReference; fileEncoding = 4; lastKnownFileType = sourcecode.swift; path = GalleryLocationManagerDelegate.swift; sourceTree = "<group>"; };
		A5FC030E1EA92EA3005F22C7 /* BeaconStore.swift */ = {isa = PBXFileReference; fileEncoding = 4; lastKnownFileType = sourcecode.swift; path = BeaconStore.swift; sourceTree = "<group>"; };
		A5FC03131EA92F10005F22C7 /* BeaconStoreTests.swift */ = {isa = PBXFileReference; fileEncoding = 4; lastKnownFileType = sourcecode.swift; path = BeaconStoreTests.swift; sourceTree = "<group>"; };
		A5FC1C8D1EA7F96F00669C89 /* mobileFramework.framework */ = {isa = PBXFileReference; explicitFileType = wrapper.framework; includeInIndex = 0; path = mobileFramework.framework; sourceTree = BUILT_PRODUCTS_DIR; };
		A5FC1C901EA7F96F00669C89 /* mobileFramework.h */ = {isa = PBXFileReference; lastKnownFileType = sourcecode.c.h; path = mobileFramework.h; sourceTree = "<group>"; };
		A5FC1C911EA7F96F00669C89 /* Info.plist */ = {isa = PBXFileReference; lastKnownFileType = text.plist.xml; path = Info.plist; sourceTree = "<group>"; };
		A5FC1C961EA7F96F00669C89 /* mobileFrameworkTests.xctest */ = {isa = PBXFileReference; explicitFileType = wrapper.cfbundle; includeInIndex = 0; path = mobileFrameworkTests.xctest; sourceTree = BUILT_PRODUCTS_DIR; };
		A5FC1C9D1EA7F96F00669C89 /* Info.plist */ = {isa = PBXFileReference; lastKnownFileType = text.plist.xml; path = Info.plist; sourceTree = "<group>"; };
		A5FC1CA71EA7F99900669C89 /* GalleryLocationManagerTests.swift */ = {isa = PBXFileReference; fileEncoding = 4; lastKnownFileType = sourcecode.swift; path = GalleryLocationManagerTests.swift; sourceTree = "<group>"; };
		A5FC1CA91EA7FBBD00669C89 /* GalleryLocationManager.swift */ = {isa = PBXFileReference; fileEncoding = 4; lastKnownFileType = sourcecode.swift; path = GalleryLocationManager.swift; sourceTree = "<group>"; };
/* End PBXFileReference section */

/* Begin PBXFrameworksBuildPhase section */
		A5FC1C891EA7F96F00669C89 /* Frameworks */ = {
			isa = PBXFrameworksBuildPhase;
			buildActionMask = 2147483647;
			files = (
				A5BF8CCF1F0D70AF00AEE4E4 /* UserNotifications.framework in Frameworks */,
			);
			runOnlyForDeploymentPostprocessing = 0;
		};
		A5FC1C931EA7F96F00669C89 /* Frameworks */ = {
			isa = PBXFrameworksBuildPhase;
			buildActionMask = 2147483647;
			files = (
				A5FC1C971EA7F96F00669C89 /* mobileFramework.framework in Frameworks */,
			);
			runOnlyForDeploymentPostprocessing = 0;
		};
/* End PBXFrameworksBuildPhase section */

/* Begin PBXGroup section */
		A543A9C91EF2F1A7001E6C7D /* URLProtocol */ = {
			isa = PBXGroup;
			children = (
				A543A9CA1EF2F1C3001E6C7D /* mobileFrameworkURLProtocol.swift */,
			);
			name = URLProtocol;
			sourceTree = "<group>";
		};
		A54634BA1EB29FE300CAA791 /* Locations */ = {
			isa = PBXGroup;
			children = (
				A54634BB1EB29FF800CAA791 /* LocationStore.swift */,
				A54634BE1EB2A00100CAA791 /* Location.swift */,
				A5E4A2541EB8FC9C001BF1C6 /* Edge.swift */,
			);
			name = Locations;
			sourceTree = "<group>";
		};
		A551F3F51EAA9CC000BFCE93 /* Beacons */ = {
			isa = PBXGroup;
			children = (
				A5FC030E1EA92EA3005F22C7 /* BeaconStore.swift */,
				A50EB7CF1EA9423200329A5E /* Beacon.swift */,
			);
			name = Beacons;
			sourceTree = "<group>";
		};
		A551F3F61EAA9CCC00BFCE93 /* Supporting Files */ = {
			isa = PBXGroup;
			children = (
				A5FC1C911EA7F96F00669C89 /* Info.plist */,
				A5FC1C901EA7F96F00669C89 /* mobileFramework.h */,
				A5E4A2401EB8D1B1001BF1C6 /* JSONDecodable.swift */,
				A5BF8CD01F0D7D2C00AEE4E4 /* Reachability.swift */,
			);
			name = "Supporting Files";
			sourceTree = "<group>";
		};
		A551F3F71EAA9CE200BFCE93 /* Supporting Files */ = {
			isa = PBXGroup;
			children = (
				A5FC1C9D1EA7F96F00669C89 /* Info.plist */,
			);
			name = "Supporting Files";
			sourceTree = "<group>";
		};
		A5AC56D71ECB4956006420D8 /* Caching */ = {
			isa = PBXGroup;
			children = (
				A5AC56D81ECB496C006420D8 /* CacheService.swift */,
				A5AC56DE1ECB941E006420D8 /* QueueController.swift */,
				A543A9C31EF1BC3B001E6C7D /* QueueControllerDelegate.swift */,
			);
			name = Caching;
			sourceTree = "<group>";
		};
		A5AC56DB1ECB497B006420D8 /* Services */ = {
			isa = PBXGroup;
			children = (
				A5AC56DC1ECB498F006420D8 /* CacheServiceTests.swift */,
				A5AC56E11ECB950C006420D8 /* QueueControllerTests.swift */,
			);
			name = Services;
			sourceTree = "<group>";
		};
		A5BF8CCD1F0D70AF00AEE4E4 /* Frameworks */ = {
			isa = PBXGroup;
			children = (
				A5BF8CCE1F0D70AF00AEE4E4 /* UserNotifications.framework */,
			);
			name = Frameworks;
			sourceTree = "<group>";
		};
		A5E4A2351EB8C8F6001BF1C6 /* Assets */ = {
			isa = PBXGroup;
			children = (
				A5E4A2391EB8C91D001BF1C6 /* FeatureStore.swift */,
				A5E4A2361EB8C914001BF1C6 /* BeaconAsset.swift */,
				A5E4A24A1EB8F02A001BF1C6 /* LocationAsset.swift */,
				A5624F2E1EC60BCE00EF20EF /* GeoJSONAsset.swift */,
				A5E4A2511EB8FC46001BF1C6 /* EdgeAsset.swift */,
			);
			name = Assets;
			sourceTree = "<group>";
		};
		A5E4A2431EB8D8B2001BF1C6 /* SampleData */ = {
			isa = PBXGroup;
			children = (
				A5E4A2441EB8D8CD001BF1C6 /* sampleBeacons.json */,
				A5E4A2471EB8F00C001BF1C6 /* sampleLocations.json */,
				A5E4A2571EB8FF32001BF1C6 /* sampleEdges.json */,
				A551C1F41EC25E0D0082CEB6 /* sampleUnits.geojson */,
			);
			name = SampleData;
			sourceTree = "<group>";
		};
		A5E4A24F1EB8FB77001BF1C6 /* Assets */ = {
			isa = PBXGroup;
			children = (
				A5E4A25A1EB90127001BF1C6 /* EdgeAssetTests.swift */,
				A5E4A24D1EB8F365001BF1C6 /* LocationAssetTests.swift */,
				A5624F321EC6109500EF20EF /* GeoJSONAssetTests.swift */,
				A5E4A23E1EB8C938001BF1C6 /* BeaconAssetTests.swift */,
			);
			name = Assets;
			sourceTree = "<group>";
		};
		A5E4A2501EB8FB7E001BF1C6 /* Stores */ = {
			isa = PBXGroup;
			children = (
				A5FC03131EA92F10005F22C7 /* BeaconStoreTests.swift */,
				A54634C11EB2A41F00CAA791 /* LocationStoreTests.swift */,
				A5E4A23C1EB8C92E001BF1C6 /* FeatureStoreTests.swift */,
			);
			name = Stores;
			sourceTree = "<group>";
		};
		A5FC03111EA92EDD005F22C7 /* Mocks */ = {
			isa = PBXGroup;
			children = (
				A5F2E20C1ED7378000C1A3C2 /* FeatureStoreMock.swift */,
				A5F202891F019B9400EFD1BF /* CLLocationMock.swift */,
				A5F2028B1F019CC300EFD1BF /* CLFloorMock.swift */,
			);
			name = Mocks;
			sourceTree = "<group>";
		};
		A5FC03121EA92EE2005F22C7 /* Spys */ = {
			isa = PBXGroup;
			children = (
				A5FC03001EA8F373005F22C7 /* CLLocationManagerSpy.swift */,
				A5FC03021EA8FB43005F22C7 /* GalleryLocationManagerSpy.swift */,
				A543A9C61EF1C528001E6C7D /* QueueControllerDelegateSpy.swift */,
				A5E4A25E1EB928CC001BF1C6 /* GalleryLocationManagerDelegateSpy.swift */,
				A5BF8CCB1F0D6E2B00AEE4E4 /* BackendServiceSpy.swift */,
			);
			name = Spys;
			sourceTree = "<group>";
		};
		A5FC1C831EA7F96F00669C89 = {
			isa = PBXGroup;
			children = (
				A5D01E161EF440AD0039E9FF /* README.md */,
				A5AC56E31ECB9AE5006420D8 /* mobileFramework.xcdatamodeld */,
				A5FC1C8F1EA7F96F00669C89 /* mobileFramework */,
				A5FC1C9A1EA7F96F00669C89 /* mobileFrameworkTests */,
				A5FC1C8E1EA7F96F00669C89 /* Products */,
				A5BF8CCD1F0D70AF00AEE4E4 /* Frameworks */,
			);
			sourceTree = "<group>";
		};
		A5FC1C8E1EA7F96F00669C89 /* Products */ = {
			isa = PBXGroup;
			children = (
				A5FC1C8D1EA7F96F00669C89 /* mobileFramework.framework */,
				A5FC1C961EA7F96F00669C89 /* mobileFrameworkTests.xctest */,
			);
			name = Products;
			sourceTree = "<group>";
		};
		A5FC1C8F1EA7F96F00669C89 /* mobileFramework */ = {
			isa = PBXGroup;
			children = (
				A543A9C91EF2F1A7001E6C7D /* URLProtocol */,
				A5AC56D71ECB4956006420D8 /* Caching */,
				A5E4A2431EB8D8B2001BF1C6 /* SampleData */,
				A5E4A2351EB8C8F6001BF1C6 /* Assets */,
				A5FC03041EA9232F005F22C7 /* Constants.swift */,
				A551F3F61EAA9CCC00BFCE93 /* Supporting Files */,
				A551F3F51EAA9CC000BFCE93 /* Beacons */,
				A54634BA1EB29FE300CAA791 /* Locations */,
				A5FC1CA91EA7FBBD00669C89 /* GalleryLocationManager.swift */,
				A5BF8CC71F0D6C6200AEE4E4 /* BackendService.swift */,
				A5FC030C1EA92AB1005F22C7 /* GalleryLocationManagerDelegate.swift */,
			);
			path = mobileFramework;
			sourceTree = "<group>";
		};
		A5FC1C9A1EA7F96F00669C89 /* mobileFrameworkTests */ = {
			isa = PBXGroup;
			children = (
				A5AC56DB1ECB497B006420D8 /* Services */,
				A551F3F71EAA9CE200BFCE93 /* Supporting Files */,
				A5FC03111EA92EDD005F22C7 /* Mocks */,
				A5FC03121EA92EE2005F22C7 /* Spys */,
				A5E4A2501EB8FB7E001BF1C6 /* Stores */,
				A5E4A24F1EB8FB77001BF1C6 /* Assets */,
				A54634B61EB283DE00CAA791 /* BeaconTests.swift */,
				A5E4A25C1EB92420001BF1C6 /* EdgeTests.swift */,
				A5FC1CA71EA7F99900669C89 /* GalleryLocationManagerTests.swift */,
				A5BF8CC51F0D6C3100AEE4E4 /* BackendServiceTests.swift */,
			);
			path = mobileFrameworkTests;
			sourceTree = "<group>";
		};
/* End PBXGroup section */

/* Begin PBXHeadersBuildPhase section */
		A5FC1C8A1EA7F96F00669C89 /* Headers */ = {
			isa = PBXHeadersBuildPhase;
			buildActionMask = 2147483647;
			files = (
				A5FC1C9E1EA7F96F00669C89 /* mobileFramework.h in Headers */,
			);
			runOnlyForDeploymentPostprocessing = 0;
		};
/* End PBXHeadersBuildPhase section */

/* Begin PBXNativeTarget section */
		A5FC1C8C1EA7F96F00669C89 /* mobileFramework */ = {
			isa = PBXNativeTarget;
			buildConfigurationList = A5FC1CA11EA7F96F00669C89 /* Build configuration list for PBXNativeTarget "mobileFramework" */;
			buildPhases = (
				A5FC1C881EA7F96F00669C89 /* Sources */,
				A5FC1C891EA7F96F00669C89 /* Frameworks */,
				A5FC1C8A1EA7F96F00669C89 /* Headers */,
				A5FC1C8B1EA7F96F00669C89 /* Resources */,
			);
			buildRules = (
			);
			dependencies = (
			);
			name = mobileFramework;
			productName = mobileFramework;
			productReference = A5FC1C8D1EA7F96F00669C89 /* mobileFramework.framework */;
			productType = "com.apple.product-type.framework";
		};
		A5FC1C951EA7F96F00669C89 /* mobileFrameworkTests */ = {
			isa = PBXNativeTarget;
			buildConfigurationList = A5FC1CA41EA7F96F00669C89 /* Build configuration list for PBXNativeTarget "mobileFrameworkTests" */;
			buildPhases = (
				A5FC1C921EA7F96F00669C89 /* Sources */,
				A5FC1C931EA7F96F00669C89 /* Frameworks */,
				A5FC1C941EA7F96F00669C89 /* Resources */,
			);
			buildRules = (
			);
			dependencies = (
				A5FC1C991EA7F96F00669C89 /* PBXTargetDependency */,
			);
			name = mobileFrameworkTests;
			productName = mobileFrameworkTests;
			productReference = A5FC1C961EA7F96F00669C89 /* mobileFrameworkTests.xctest */;
			productType = "com.apple.product-type.bundle.unit-test";
		};
/* End PBXNativeTarget section */

/* Begin PBXProject section */
		A5FC1C841EA7F96F00669C89 /* Project object */ = {
			isa = PBXProject;
			attributes = {
				LastSwiftUpdateCheck = 0830;
				LastUpgradeCheck = 0940;
				ORGANIZATIONNAME = "Philadelphia Museum of Art";
				TargetAttributes = {
					A5FC1C8C1EA7F96F00669C89 = {
						CreatedOnToolsVersion = 8.3.1;
						DevelopmentTeam = ZP279JY2W4;
						LastSwiftMigration = 1010;
						ProvisioningStyle = Automatic;
					};
					A5FC1C951EA7F96F00669C89 = {
						CreatedOnToolsVersion = 8.3.1;
						DevelopmentTeam = ZP279JY2W4;
						LastSwiftMigration = 1010;
						ProvisioningStyle = Automatic;
					};
				};
			};
			buildConfigurationList = A5FC1C871EA7F96F00669C89 /* Build configuration list for PBXProject "mobileFramework" */;
			compatibilityVersion = "Xcode 3.2";
			developmentRegion = English;
			hasScannedForEncodings = 0;
			knownRegions = (
				en,
			);
			mainGroup = A5FC1C831EA7F96F00669C89;
			productRefGroup = A5FC1C8E1EA7F96F00669C89 /* Products */;
			projectDirPath = "";
			projectRoot = "";
			targets = (
				A5FC1C8C1EA7F96F00669C89 /* mobileFramework */,
				A5FC1C951EA7F96F00669C89 /* mobileFrameworkTests */,
			);
		};
/* End PBXProject section */

/* Begin PBXResourcesBuildPhase section */
		A5FC1C8B1EA7F96F00669C89 /* Resources */ = {
			isa = PBXResourcesBuildPhase;
			buildActionMask = 2147483647;
			files = (
				A5D01E171EF440AD0039E9FF /* README.md in Resources */,
				A5E4A2481EB8F00C001BF1C6 /* sampleLocations.json in Resources */,
				A5E4A2451EB8D8CD001BF1C6 /* sampleBeacons.json in Resources */,
				A5E4A2581EB8FF32001BF1C6 /* sampleEdges.json in Resources */,
				A551C1F51EC25E0D0082CEB6 /* sampleUnits.geojson in Resources */,
			);
			runOnlyForDeploymentPostprocessing = 0;
		};
		A5FC1C941EA7F96F00669C89 /* Resources */ = {
			isa = PBXResourcesBuildPhase;
			buildActionMask = 2147483647;
			files = (
				A5E4A2491EB8F00C001BF1C6 /* sampleLocations.json in Resources */,
				A5E4A2461EB8D8CD001BF1C6 /* sampleBeacons.json in Resources */,
				A5E4A2591EB8FF32001BF1C6 /* sampleEdges.json in Resources */,
				A5624F311EC6104400EF20EF /* sampleUnits.geojson in Resources */,
			);
			runOnlyForDeploymentPostprocessing = 0;
		};
/* End PBXResourcesBuildPhase section */

/* Begin PBXSourcesBuildPhase section */
		A5FC1C881EA7F96F00669C89 /* Sources */ = {
			isa = PBXSourcesBuildPhase;
			buildActionMask = 2147483647;
			files = (
				A5FC1CAA1EA7FBBD00669C89 /* GalleryLocationManager.swift in Sources */,
				A5E4A2411EB8D1B1001BF1C6 /* JSONDecodable.swift in Sources */,
				A5AC56D91ECB496C006420D8 /* CacheService.swift in Sources */,
				A5BF8CC81F0D6C6200AEE4E4 /* BackendService.swift in Sources */,
				A51E42BE1ED4707800CB4749 /* Location.swift in Sources */,
				A5AC56E51ECB9AE5006420D8 /* mobileFramework.xcdatamodeld in Sources */,
				A51E42C01ED4707F00CB4749 /* BeaconStore.swift in Sources */,
				A5E4A2521EB8FC46001BF1C6 /* EdgeAsset.swift in Sources */,
				A54634BC1EB29FF800CAA791 /* LocationStore.swift in Sources */,
				A5E4A2551EB8FC9C001BF1C6 /* Edge.swift in Sources */,
				A5E4A24B1EB8F02A001BF1C6 /* LocationAsset.swift in Sources */,
				A5E4A25F1EB928CC001BF1C6 /* GalleryLocationManagerDelegateSpy.swift in Sources */,
				A5624F2F1EC60BCE00EF20EF /* GeoJSONAsset.swift in Sources */,
				A543A9C41EF1BC3B001E6C7D /* QueueControllerDelegate.swift in Sources */,
				A5BF8CD11F0D7D2C00AEE4E4 /* Reachability.swift in Sources */,
				A50EB7D01EA9423200329A5E /* Beacon.swift in Sources */,
				A543A9C71EF1C528001E6C7D /* QueueControllerDelegateSpy.swift in Sources */,
				A5FC03051EA9232F005F22C7 /* Constants.swift in Sources */,
				A5AC56DF1ECB941E006420D8 /* QueueController.swift in Sources */,
				A5FC030D1EA92AB1005F22C7 /* GalleryLocationManagerDelegate.swift in Sources */,
				A543A9CB1EF2F1C3001E6C7D /* mobileFrameworkURLProtocol.swift in Sources */,
				A5E4A2371EB8C914001BF1C6 /* BeaconAsset.swift in Sources */,
				A5E4A23A1EB8C91D001BF1C6 /* FeatureStore.swift in Sources */,
			);
			runOnlyForDeploymentPostprocessing = 0;
		};
		A5FC1C921EA7F96F00669C89 /* Sources */ = {
			isa = PBXSourcesBuildPhase;
			buildActionMask = 2147483647;
			files = (
				A54634C21EB2A41F00CAA791 /* LocationStoreTests.swift in Sources */,
				A51E42BF1ED4707F00CB4749 /* BeaconStore.swift in Sources */,
				A5E4A2381EB8C914001BF1C6 /* BeaconAsset.swift in Sources */,
				A51E42BD1ED4707700CB4749 /* Location.swift in Sources */,
				A5E4A2561EB8FC9C001BF1C6 /* Edge.swift in Sources */,
				A54634BD1EB29FF800CAA791 /* LocationStore.swift in Sources */,
				A5E4A24E1EB8F365001BF1C6 /* LocationAssetTests.swift in Sources */,
				A5E4A23B1EB8C91D001BF1C6 /* FeatureStore.swift in Sources */,
				A5F2E20D1ED7378000C1A3C2 /* FeatureStoreMock.swift in Sources */,
				A5E4A25B1EB90127001BF1C6 /* EdgeAssetTests.swift in Sources */,
				A5BF8CCC1F0D6E2B00AEE4E4 /* BackendServiceSpy.swift in Sources */,
				A5624F301EC60BCE00EF20EF /* GeoJSONAsset.swift in Sources */,
				A5F2028C1F019CC300EFD1BF /* CLFloorMock.swift in Sources */,
				A5AC56DD1ECB498F006420D8 /* CacheServiceTests.swift in Sources */,
				A56CEC8E1F7C1E45006C5217 /* Reachability.swift in Sources */,
				A543A9CC1EF2F1C3001E6C7D /* mobileFrameworkURLProtocol.swift in Sources */,
				A5E4A25D1EB92420001BF1C6 /* EdgeTests.swift in Sources */,
				A5AC56E01ECB941E006420D8 /* QueueController.swift in Sources */,
				A5E4A24C1EB8F02A001BF1C6 /* LocationAsset.swift in Sources */,
				A5FC03011EA8F373005F22C7 /* CLLocationManagerSpy.swift in Sources */,
				A5FC03141EA92F10005F22C7 /* BeaconStoreTests.swift in Sources */,
				A5FC1CAB1EA7FBBD00669C89 /* GalleryLocationManager.swift in Sources */,
				A5E4A23D1EB8C92E001BF1C6 /* FeatureStoreTests.swift in Sources */,
				A5E4A2611EB93393001BF1C6 /* GalleryLocationManagerDelegate.swift in Sources */,
				A5E4A2421EB8D1B1001BF1C6 /* JSONDecodable.swift in Sources */,
				A5FC03031EA8FB43005F22C7 /* GalleryLocationManagerSpy.swift in Sources */,
				A5BF8CCA1F0D6D9A00AEE4E4 /* BackendService.swift in Sources */,
				A5F2028A1F019B9400EFD1BF /* CLLocationMock.swift in Sources */,
				A50EB7D11EA9427A00329A5E /* Beacon.swift in Sources */,
				A5E4A2531EB8FC46001BF1C6 /* EdgeAsset.swift in Sources */,
				A5AC56E21ECB950C006420D8 /* QueueControllerTests.swift in Sources */,
				A54634B71EB283DE00CAA791 /* BeaconTests.swift in Sources */,
				A5FC1CA81EA7F99900669C89 /* GalleryLocationManagerTests.swift in Sources */,
				A5AC56E61ECB9AE5006420D8 /* mobileFramework.xcdatamodeld in Sources */,
				A5E4A2601EB928CC001BF1C6 /* GalleryLocationManagerDelegateSpy.swift in Sources */,
				A5624F331EC6109500EF20EF /* GeoJSONAssetTests.swift in Sources */,
				A5BF8CC61F0D6C3100AEE4E4 /* BackendServiceTests.swift in Sources */,
				A5E4A23F1EB8C938001BF1C6 /* BeaconAssetTests.swift in Sources */,
				A5AC56DA1ECB496C006420D8 /* CacheService.swift in Sources */,
				A543A9C51EF1BC3B001E6C7D /* QueueControllerDelegate.swift in Sources */,
				A5FC03061EA9232F005F22C7 /* Constants.swift in Sources */,
				A543A9C81EF1C528001E6C7D /* QueueControllerDelegateSpy.swift in Sources */,
			);
			runOnlyForDeploymentPostprocessing = 0;
		};
/* End PBXSourcesBuildPhase section */

/* Begin PBXTargetDependency section */
		A5FC1C991EA7F96F00669C89 /* PBXTargetDependency */ = {
			isa = PBXTargetDependency;
			target = A5FC1C8C1EA7F96F00669C89 /* mobileFramework */;
			targetProxy = A5FC1C981EA7F96F00669C89 /* PBXContainerItemProxy */;
		};
/* End PBXTargetDependency section */

/* Begin XCBuildConfiguration section */
		A5FC1C9F1EA7F96F00669C89 /* Debug */ = {
			isa = XCBuildConfiguration;
			buildSettings = {
				ALWAYS_SEARCH_USER_PATHS = NO;
				CLANG_ANALYZER_NONNULL = YES;
				CLANG_ANALYZER_NUMBER_OBJECT_CONVERSION = YES_AGGRESSIVE;
				CLANG_CXX_LANGUAGE_STANDARD = "gnu++0x";
				CLANG_CXX_LIBRARY = "libc++";
				CLANG_ENABLE_MODULES = YES;
				CLANG_ENABLE_OBJC_ARC = YES;
				CLANG_WARN_BLOCK_CAPTURE_AUTORELEASING = YES;
				CLANG_WARN_BOOL_CONVERSION = YES;
				CLANG_WARN_COMMA = YES;
				CLANG_WARN_CONSTANT_CONVERSION = YES;
				CLANG_WARN_DEPRECATED_OBJC_IMPLEMENTATIONS = YES;
				CLANG_WARN_DIRECT_OBJC_ISA_USAGE = YES_ERROR;
				CLANG_WARN_DOCUMENTATION_COMMENTS = YES;
				CLANG_WARN_EMPTY_BODY = YES;
				CLANG_WARN_ENUM_CONVERSION = YES;
				CLANG_WARN_INFINITE_RECURSION = YES;
				CLANG_WARN_INT_CONVERSION = YES;
				CLANG_WARN_NON_LITERAL_NULL_CONVERSION = YES;
				CLANG_WARN_OBJC_IMPLICIT_RETAIN_SELF = YES;
				CLANG_WARN_OBJC_LITERAL_CONVERSION = YES;
				CLANG_WARN_OBJC_ROOT_CLASS = YES_ERROR;
				CLANG_WARN_RANGE_LOOP_ANALYSIS = YES;
				CLANG_WARN_STRICT_PROTOTYPES = YES;
				CLANG_WARN_SUSPICIOUS_MOVE = YES;
				CLANG_WARN_UNREACHABLE_CODE = YES;
				CLANG_WARN__DUPLICATE_METHOD_MATCH = YES;
				"CODE_SIGN_IDENTITY[sdk=iphoneos*]" = "iPhone Developer";
				COPY_PHASE_STRIP = NO;
				CURRENT_PROJECT_VERSION = 1;
				DEBUG_INFORMATION_FORMAT = dwarf;
				ENABLE_STRICT_OBJC_MSGSEND = YES;
				ENABLE_TESTABILITY = YES;
				GCC_C_LANGUAGE_STANDARD = gnu99;
				GCC_DYNAMIC_NO_PIC = NO;
				GCC_NO_COMMON_BLOCKS = YES;
				GCC_OPTIMIZATION_LEVEL = 0;
				GCC_PREPROCESSOR_DEFINITIONS = (
					"DEBUG=1",
					"$(inherited)",
				);
				GCC_WARN_64_TO_32_BIT_CONVERSION = YES;
				GCC_WARN_ABOUT_RETURN_TYPE = YES_ERROR;
				GCC_WARN_UNDECLARED_SELECTOR = YES;
				GCC_WARN_UNINITIALIZED_AUTOS = YES_AGGRESSIVE;
				GCC_WARN_UNUSED_FUNCTION = YES;
				GCC_WARN_UNUSED_VARIABLE = YES;
				IPHONEOS_DEPLOYMENT_TARGET = 10.3;
				MTL_ENABLE_DEBUG_INFO = YES;
				ONLY_ACTIVE_ARCH = YES;
				SDKROOT = iphoneos;
				SWIFT_ACTIVE_COMPILATION_CONDITIONS = DEBUG;
				SWIFT_OPTIMIZATION_LEVEL = "-Onone";
				TARGETED_DEVICE_FAMILY = "1,2";
				VERSIONING_SYSTEM = "apple-generic";
				VERSION_INFO_PREFIX = "";
			};
			name = Debug;
		};
		A5FC1CA01EA7F96F00669C89 /* Release */ = {
			isa = XCBuildConfiguration;
			buildSettings = {
				ALWAYS_SEARCH_USER_PATHS = NO;
				CLANG_ANALYZER_NONNULL = YES;
				CLANG_ANALYZER_NUMBER_OBJECT_CONVERSION = YES_AGGRESSIVE;
				CLANG_CXX_LANGUAGE_STANDARD = "gnu++0x";
				CLANG_CXX_LIBRARY = "libc++";
				CLANG_ENABLE_MODULES = YES;
				CLANG_ENABLE_OBJC_ARC = YES;
				CLANG_WARN_BLOCK_CAPTURE_AUTORELEASING = YES;
				CLANG_WARN_BOOL_CONVERSION = YES;
				CLANG_WARN_COMMA = YES;
				CLANG_WARN_CONSTANT_CONVERSION = YES;
				CLANG_WARN_DEPRECATED_OBJC_IMPLEMENTATIONS = YES;
				CLANG_WARN_DIRECT_OBJC_ISA_USAGE = YES_ERROR;
				CLANG_WARN_DOCUMENTATION_COMMENTS = YES;
				CLANG_WARN_EMPTY_BODY = YES;
				CLANG_WARN_ENUM_CONVERSION = YES;
				CLANG_WARN_INFINITE_RECURSION = YES;
				CLANG_WARN_INT_CONVERSION = YES;
				CLANG_WARN_NON_LITERAL_NULL_CONVERSION = YES;
				CLANG_WARN_OBJC_IMPLICIT_RETAIN_SELF = YES;
				CLANG_WARN_OBJC_LITERAL_CONVERSION = YES;
				CLANG_WARN_OBJC_ROOT_CLASS = YES_ERROR;
				CLANG_WARN_RANGE_LOOP_ANALYSIS = YES;
				CLANG_WARN_STRICT_PROTOTYPES = YES;
				CLANG_WARN_SUSPICIOUS_MOVE = YES;
				CLANG_WARN_UNREACHABLE_CODE = YES;
				CLANG_WARN__DUPLICATE_METHOD_MATCH = YES;
				"CODE_SIGN_IDENTITY[sdk=iphoneos*]" = "iPhone Developer";
				COPY_PHASE_STRIP = NO;
				CURRENT_PROJECT_VERSION = 1;
				DEBUG_INFORMATION_FORMAT = "dwarf-with-dsym";
				ENABLE_NS_ASSERTIONS = NO;
				ENABLE_STRICT_OBJC_MSGSEND = YES;
				GCC_C_LANGUAGE_STANDARD = gnu99;
				GCC_NO_COMMON_BLOCKS = YES;
				GCC_WARN_64_TO_32_BIT_CONVERSION = YES;
				GCC_WARN_ABOUT_RETURN_TYPE = YES_ERROR;
				GCC_WARN_UNDECLARED_SELECTOR = YES;
				GCC_WARN_UNINITIALIZED_AUTOS = YES_AGGRESSIVE;
				GCC_WARN_UNUSED_FUNCTION = YES;
				GCC_WARN_UNUSED_VARIABLE = YES;
				IPHONEOS_DEPLOYMENT_TARGET = 10.3;
				MTL_ENABLE_DEBUG_INFO = NO;
				SDKROOT = iphoneos;
				SWIFT_OPTIMIZATION_LEVEL = "-Owholemodule";
				TARGETED_DEVICE_FAMILY = "1,2";
				VALIDATE_PRODUCT = YES;
				VERSIONING_SYSTEM = "apple-generic";
				VERSION_INFO_PREFIX = "";
			};
			name = Release;
		};
		A5FC1CA21EA7F96F00669C89 /* Debug */ = {
			isa = XCBuildConfiguration;
			buildSettings = {
				CLANG_ENABLE_MODULES = YES;
				CODE_SIGN_IDENTITY = "";
				DEFINES_MODULE = YES;
				DEVELOPMENT_TEAM = ZP279JY2W4;
				DYLIB_COMPATIBILITY_VERSION = 1;
				DYLIB_CURRENT_VERSION = 1;
				DYLIB_INSTALL_NAME_BASE = "@rpath";
				INFOPLIST_FILE = mobileFramework/Info.plist;
				INSTALL_PATH = "$(LOCAL_LIBRARY_DIR)/Frameworks";
				LD_RUNPATH_SEARCH_PATHS = "$(inherited) @executable_path/Frameworks @loader_path/Frameworks";
				LIBRARY_SEARCH_PATHS = ./mobileFramework;
				PRODUCT_BUNDLE_IDENTIFIER = org.philamuseum.mobileFramework;
				PRODUCT_NAME = "$(TARGET_NAME)";
				SKIP_INSTALL = YES;
				SWIFT_OPTIMIZATION_LEVEL = "-Onone";
				SWIFT_VERSION = 4.2;
			};
			name = Debug;
		};
		A5FC1CA31EA7F96F00669C89 /* Release */ = {
			isa = XCBuildConfiguration;
			buildSettings = {
				CLANG_ENABLE_MODULES = YES;
				CODE_SIGN_IDENTITY = "";
				DEFINES_MODULE = YES;
				DEVELOPMENT_TEAM = ZP279JY2W4;
				DYLIB_COMPATIBILITY_VERSION = 1;
				DYLIB_CURRENT_VERSION = 1;
				DYLIB_INSTALL_NAME_BASE = "@rpath";
				INFOPLIST_FILE = mobileFramework/Info.plist;
				INSTALL_PATH = "$(LOCAL_LIBRARY_DIR)/Frameworks";
				LD_RUNPATH_SEARCH_PATHS = "$(inherited) @executable_path/Frameworks @loader_path/Frameworks";
				LIBRARY_SEARCH_PATHS = ./mobileFramework;
				PRODUCT_BUNDLE_IDENTIFIER = org.philamuseum.mobileFramework;
				PRODUCT_NAME = "$(TARGET_NAME)";
				SKIP_INSTALL = YES;
				SWIFT_VERSION = 4.2;
			};
			name = Release;
		};
		A5FC1CA51EA7F96F00669C89 /* Debug */ = {
			isa = XCBuildConfiguration;
			buildSettings = {
				ALWAYS_EMBED_SWIFT_STANDARD_LIBRARIES = YES;
				DEVELOPMENT_TEAM = ZP279JY2W4;
				INFOPLIST_FILE = mobileFrameworkTests/Info.plist;
				LD_RUNPATH_SEARCH_PATHS = "$(inherited) @executable_path/Frameworks @loader_path/Frameworks";
				PRODUCT_BUNDLE_IDENTIFIER = org.philamuseum.mobileFrameworkTests;
				PRODUCT_NAME = "$(TARGET_NAME)";
				SWIFT_VERSION = 4.2;
			};
			name = Debug;
		};
		A5FC1CA61EA7F96F00669C89 /* Release */ = {
			isa = XCBuildConfiguration;
			buildSettings = {
				ALWAYS_EMBED_SWIFT_STANDARD_LIBRARIES = YES;
				DEVELOPMENT_TEAM = ZP279JY2W4;
				INFOPLIST_FILE = mobileFrameworkTests/Info.plist;
				LD_RUNPATH_SEARCH_PATHS = "$(inherited) @executable_path/Frameworks @loader_path/Frameworks";
				PRODUCT_BUNDLE_IDENTIFIER = org.philamuseum.mobileFrameworkTests;
				PRODUCT_NAME = "$(TARGET_NAME)";
				SWIFT_VERSION = 4.2;
			};
			name = Release;
		};
/* End XCBuildConfiguration section */

/* Begin XCConfigurationList section */
		A5FC1C871EA7F96F00669C89 /* Build configuration list for PBXProject "mobileFramework" */ = {
			isa = XCConfigurationList;
			buildConfigurations = (
				A5FC1C9F1EA7F96F00669C89 /* Debug */,
				A5FC1CA01EA7F96F00669C89 /* Release */,
			);
			defaultConfigurationIsVisible = 0;
			defaultConfigurationName = Release;
		};
		A5FC1CA11EA7F96F00669C89 /* Build configuration list for PBXNativeTarget "mobileFramework" */ = {
			isa = XCConfigurationList;
			buildConfigurations = (
				A5FC1CA21EA7F96F00669C89 /* Debug */,
				A5FC1CA31EA7F96F00669C89 /* Release */,
			);
			defaultConfigurationIsVisible = 0;
			defaultConfigurationName = Release;
		};
		A5FC1CA41EA7F96F00669C89 /* Build configuration list for PBXNativeTarget "mobileFrameworkTests" */ = {
			isa = XCConfigurationList;
			buildConfigurations = (
				A5FC1CA51EA7F96F00669C89 /* Debug */,
				A5FC1CA61EA7F96F00669C89 /* Release */,
			);
			defaultConfigurationIsVisible = 0;
			defaultConfigurationName = Release;
		};
/* End XCConfigurationList section */

/* Begin XCVersionGroup section */
		A5AC56E31ECB9AE5006420D8 /* mobileFramework.xcdatamodeld */ = {
			isa = XCVersionGroup;
			children = (
				A5AC56E41ECB9AE5006420D8 /* mobileFramework.xcdatamodel */,
			);
			currentVersion = A5AC56E41ECB9AE5006420D8 /* mobileFramework.xcdatamodel */;
			name = mobileFramework.xcdatamodeld;
			path = mobileFramework/mobileFramework.xcdatamodeld;
			sourceTree = "<group>";
			versionGroupType = wrapper.xcdatamodel;
		};
/* End XCVersionGroup section */
	};
	rootObject = A5FC1C841EA7F96F00669C89 /* Project object */;
}
